
Microsoft Visual Studio Solution File, Format Version 12.00
# Visual Studio Version 17
VisualStudioVersion = 17.9.34728.123
MinimumVisualStudioVersion = 10.0.40219.1
Project("{FAE04EC0-301F-11D3-BF4B-00C04F79EFBC}") = "CS_Form", "CS_Form\CS_Form.csproj", "{41431B77-7F98-4DF5-8B64-712B4041286E}"
EndProject
Global
	GlobalSection(SolutionConfigurationPlatforms) = preSolution
		Debug|Any CPU = Debug|Any CPU
		Release|Any CPU = Release|Any CPU
	EndGlobalSection
	GlobalSection(ProjectConfigurationPlatforms) = postSolution
		{41431B77-7F98-4DF5-8B64-712B4041286E}.Debug|Any CPU.ActiveCfg = Debug|Any CPU
		{41431B77-7F98-4DF5-8B64-712B4041286E}.Debug|Any CPU.Build.0 = Debug|Any CPU
		{41431B77-7F98-4DF5-8B64-712B4041286E}.Release|Any CPU.ActiveCfg = Release|Any CPU
		{41431B77-7F98-4DF5-8B64-712B4041286E}.Release|Any CPU.Build.0 = Release|Any CPU
	EndGlobalSection
	GlobalSection(SolutionProperties) = preSolution
		HideSolutionNode = FALSE
	EndGlobalSection
	GlobalSection(ExtensibilityGlobals) = postSolution
		SolutionGuid = {5FC07D6B-82C0-4282-9D29-A7B9F75FE3EB}
	EndGlobalSection
EndGlobal
